PODS:
  - Flutter (1.0.0)
  - open_filex (0.0.2):
    - Flutter

DEPENDENCIES:
  - Flutter (from `Flutter`)
  - open_filex (from `.symlinks/plugins/open_filex/ios`)

EXTERNAL SOURCES:
  Flutter:
    :path: Flutter
  open_filex:
    :path: ".symlinks/plugins/open_filex/ios"

SPEC CHECKSUMS:
  Flutter: 71a624a5bc0c04062bf19101d501e466baf2fb47
  open_filex: 432f3cd11432da3e39f47fcc0df2b1603854eff1

PODFILE CHECKSUM: 915e58fd71f05ae99fabdd8ac2991c68108b3464

COCOAPODS: 1.17.0
